# Code generated by scarb DO NOT EDIT.
version = 1

[[package]]
name = "adventurer"
version = "0.1.0"
source = "git+https://github.com/Provable-Games/loot-survivor#0370e3bac9defde26a9ecb5f5f4c9f54b3456e98"
dependencies = [
 "beasts",
 "combat",
 "loot",
 "market",
 "obstacles",
]

[[package]]
name = "beasts"
version = "0.1.0"
source = "git+https://github.com/Provable-Games/loot-survivor#0370e3bac9defde26a9ecb5f5f4c9f54b3456e98"
dependencies = [
 "combat",
]

[[package]]
name = "combat"
version = "0.1.0"
source = "git+https://github.com/Provable-Games/loot-survivor#0370e3bac9defde26a9ecb5f5f4c9f54b3456e98"

[[package]]
name = "dojo"
version = "1.0.0-alpha.4"
source = "git+https://github.com/dojoengine/dojo?tag=v1.0.0-alpha.16#3b3a78cd8239ca2ee524c49c83f36db4d79cb4bc"

[[package]]
name = "loot"
version = "0.1.0"
source = "git+https://github.com/Provable-Games/loot-survivor#0370e3bac9defde26a9ecb5f5f4c9f54b3456e98"
dependencies = [
 "combat",
]

[[package]]
name = "market"
version = "0.1.0"
source = "git+https://github.com/Provable-Games/loot-survivor#0370e3bac9defde26a9ecb5f5f4c9f54b3456e98"
dependencies = [
 "combat",
 "loot",
]

[[package]]
name = "obstacles"
version = "0.1.0"
source = "git+https://github.com/Provable-Games/loot-survivor#0370e3bac9defde26a9ecb5f5f4c9f54b3456e98"
dependencies = [
 "combat",
]

[[package]]
name = "openzeppelin_access"
version = "0.15.1"
source = "git+https://github.com/starknetdev/cairo-contracts?branch=ls#4ed3a1a1a9355d6fc04260deccd002d9f00dcb02"
dependencies = [
 "openzeppelin_introspection",
 "openzeppelin_utils",
]

[[package]]
name = "openzeppelin_account"
version = "0.15.1"
source = "git+https://github.com/starknetdev/cairo-contracts?branch=ls#4ed3a1a1a9355d6fc04260deccd002d9f00dcb02"
dependencies = [
 "openzeppelin_introspection",
 "openzeppelin_utils",
]

[[package]]
name = "openzeppelin_governance"
version = "0.15.1"
source = "git+https://github.com/starknetdev/cairo-contracts?branch=ls#4ed3a1a1a9355d6fc04260deccd002d9f00dcb02"
dependencies = [
 "openzeppelin_access",
 "openzeppelin_introspection",
]

[[package]]
name = "openzeppelin_introspection"
version = "0.15.1"
source = "git+https://github.com/starknetdev/cairo-contracts?branch=ls#4ed3a1a1a9355d6fc04260deccd002d9f00dcb02"

[[package]]
name = "openzeppelin_token"
version = "0.15.1"
source = "git+https://github.com/starknetdev/cairo-contracts?branch=ls#4ed3a1a1a9355d6fc04260deccd002d9f00dcb02"
dependencies = [
 "openzeppelin_account",
 "openzeppelin_governance",
 "openzeppelin_introspection",
]

[[package]]
name = "openzeppelin_utils"
version = "0.15.1"
source = "git+https://github.com/starknetdev/cairo-contracts?branch=ls#4ed3a1a1a9355d6fc04260deccd002d9f00dcb02"

[[package]]
name = "origami_token"
version = "1.0.0-alpha.16"
source = "git+https://github.com/dojoengine/origami#0b780c08172f8b37c8740b4b84386b11300a6493"
dependencies = [
 "dojo",
]

[[package]]
name = "tournament"
version = "0.0.0"
dependencies = [
 "adventurer",
 "openzeppelin_token",
 "origami_token",
]
